
Microsoft Visual Studio Solution File, Format Version 12.00
# Visual Studio Version 16
VisualStudioVersion = 16.0.31112.23
MinimumVisualStudioVersion = 10.0.40219.1
Project("{888888A0-9F3D-457C-B088-3A5042F75D52}") = "newBeginning", "newBeginning\newBeginning.pyproj", "{871C6228-82CB-47FA-87A1-01EA9668D619}"
EndProject
Global
	GlobalSection(SolutionConfigurationPlatforms) = preSolution
		Debug|Any CPU = Debug|Any CPU
		Release|Any CPU = Release|Any CPU
	EndGlobalSection
	GlobalSection(ProjectConfigurationPlatforms) = postSolution
		{871C6228-82CB-47FA-87A1-01EA9668D619}.Debug|Any CPU.ActiveCfg = Debug|Any CPU
		{871C6228-82CB-47FA-87A1-01EA9668D619}.Release|Any CPU.ActiveCfg = Release|Any CPU
	EndGlobalSection
	GlobalSection(SolutionProperties) = preSolution
		HideSolutionNode = FALSE
	EndGlobalSection
	GlobalSection(ExtensibilityGlobals) = postSolution
		SolutionGuid = {9E247FAA-6996-493D-A1C7-EB2CE03308F4}
	EndGlobalSection
EndGlobal
