
Microsoft Visual Studio Solution File, Format Version 12.00
# Visual Studio Version 16
VisualStudioVersion = 16.0.31112.23
MinimumVisualStudioVersion = 10.0.40219.1
Project("{8BC9CEB8-8B4A-11D0-8D11-00A0C91BC942}") = "ShortestPathes", "ShortestPathes\ShortestPathes.vcxproj", "{175BD02B-F3A0-40C7-9ADA-D6E482591EEC}"
EndProject
Global
	GlobalSection(SolutionConfigurationPlatforms) = preSolution
		Debug|x64 = Debug|x64
		Debug|x86 = Debug|x86
		Release|x64 = Release|x64
		Release|x86 = Release|x86
	EndGlobalSection
	GlobalSection(ProjectConfigurationPlatforms) = postSolution
		{175BD02B-F3A0-40C7-9ADA-D6E482591EEC}.Debug|x64.ActiveCfg = Debug|x64
		{175BD02B-F3A0-40C7-9ADA-D6E482591EEC}.Debug|x64.Build.0 = Debug|x64
		{175BD02B-F3A0-40C7-9ADA-D6E482591EEC}.Debug|x86.ActiveCfg = Debug|Win32
		{175BD02B-F3A0-40C7-9ADA-D6E482591EEC}.Debug|x86.Build.0 = Debug|Win32
		{175BD02B-F3A0-40C7-9ADA-D6E482591EEC}.Release|x64.ActiveCfg = Release|x64
		{175BD02B-F3A0-40C7-9ADA-D6E482591EEC}.Release|x64.Build.0 = Release|x64
		{175BD02B-F3A0-40C7-9ADA-D6E482591EEC}.Release|x86.ActiveCfg = Release|Win32
		{175BD02B-F3A0-40C7-9ADA-D6E482591EEC}.Release|x86.Build.0 = Release|Win32
	EndGlobalSection
	GlobalSection(SolutionProperties) = preSolution
		HideSolutionNode = FALSE
	EndGlobalSection
	GlobalSection(ExtensibilityGlobals) = postSolution
		SolutionGuid = {A8DFAAA6-85E6-4DDB-B631-67C5928DD962}
	EndGlobalSection
EndGlobal
