
Microsoft Visual Studio Solution File, Format Version 12.00
# Visual Studio Version 16
VisualStudioVersion = 16.0.31112.23
MinimumVisualStudioVersion = 10.0.40219.1
Project("{8BC9CEB8-8B4A-11D0-8D11-00A0C91BC942}") = "sort", "sort\sort.vcxproj", "{666F09A2-07DA-4341-B236-2AE41A86D996}"
EndProject
Project("{888888A0-9F3D-457C-B088-3A5042F75D52}") = "runscript2.py", "runscript2.py\runscript2.py.pyproj", "{44511C51-5C7E-41C3-B64F-D9AD1F459834}"
EndProject
Global
	GlobalSection(SolutionConfigurationPlatforms) = preSolution
		Debug|Any CPU = Debug|Any CPU
		Debug|x64 = Debug|x64
		Debug|x86 = Debug|x86
		Release|Any CPU = Release|Any CPU
		Release|x64 = Release|x64
		Release|x86 = Release|x86
	EndGlobalSection
	GlobalSection(ProjectConfigurationPlatforms) = postSolution
		{666F09A2-07DA-4341-B236-2AE41A86D996}.Debug|Any CPU.ActiveCfg = Debug|Win32
		{666F09A2-07DA-4341-B236-2AE41A86D996}.Debug|x64.ActiveCfg = Debug|x64
		{666F09A2-07DA-4341-B236-2AE41A86D996}.Debug|x64.Build.0 = Debug|x64
		{666F09A2-07DA-4341-B236-2AE41A86D996}.Debug|x86.ActiveCfg = Debug|Win32
		{666F09A2-07DA-4341-B236-2AE41A86D996}.Debug|x86.Build.0 = Debug|Win32
		{666F09A2-07DA-4341-B236-2AE41A86D996}.Release|Any CPU.ActiveCfg = Release|Win32
		{666F09A2-07DA-4341-B236-2AE41A86D996}.Release|x64.ActiveCfg = Release|x64
		{666F09A2-07DA-4341-B236-2AE41A86D996}.Release|x64.Build.0 = Release|x64
		{666F09A2-07DA-4341-B236-2AE41A86D996}.Release|x86.ActiveCfg = Release|Win32
		{666F09A2-07DA-4341-B236-2AE41A86D996}.Release|x86.Build.0 = Release|Win32
		{44511C51-5C7E-41C3-B64F-D9AD1F459834}.Debug|Any CPU.ActiveCfg = Debug|Any CPU
		{44511C51-5C7E-41C3-B64F-D9AD1F459834}.Debug|x64.ActiveCfg = Debug|Any CPU
		{44511C51-5C7E-41C3-B64F-D9AD1F459834}.Debug|x86.ActiveCfg = Debug|Any CPU
		{44511C51-5C7E-41C3-B64F-D9AD1F459834}.Release|Any CPU.ActiveCfg = Release|Any CPU
		{44511C51-5C7E-41C3-B64F-D9AD1F459834}.Release|x64.ActiveCfg = Release|Any CPU
		{44511C51-5C7E-41C3-B64F-D9AD1F459834}.Release|x86.ActiveCfg = Release|Any CPU
	EndGlobalSection
	GlobalSection(SolutionProperties) = preSolution
		HideSolutionNode = FALSE
	EndGlobalSection
	GlobalSection(ExtensibilityGlobals) = postSolution
		SolutionGuid = {AC9A965F-7C77-49E5-B487-D9D3C4F3491F}
	EndGlobalSection
EndGlobal
