
Microsoft Visual Studio Solution File, Format Version 12.00
# Visual Studio Version 16
VisualStudioVersion = 16.0.31112.23
MinimumVisualStudioVersion = 10.0.40219.1
Project("{8BC9CEB8-8B4A-11D0-8D11-00A0C91BC942}") = "Assignment4", "Assignment4\Assignment4.vcxproj", "{CEA90AFD-CD2B-4A30-84C5-D9F755620603}"
EndProject
Project("{8BC9CEB8-8B4A-11D0-8D11-00A0C91BC942}") = "MaxSumTree", "MaxSumTree\MaxSumTree.vcxproj", "{EE79ECAF-84D4-4BE6-B723-522C030A3BE5}"
EndProject
Project("{8BC9CEB8-8B4A-11D0-8D11-00A0C91BC942}") = "P3", "P3\P3.vcxproj", "{A0FD09B9-D90D-42FD-9797-4D1C8FEE9A6C}"
EndProject
Global
	GlobalSection(SolutionConfigurationPlatforms) = preSolution
		Debug|x64 = Debug|x64
		Debug|x86 = Debug|x86
		Release|x64 = Release|x64
		Release|x86 = Release|x86
	EndGlobalSection
	GlobalSection(ProjectConfigurationPlatforms) = postSolution
		{CEA90AFD-CD2B-4A30-84C5-D9F755620603}.Debug|x64.ActiveCfg = Debug|x64
		{CEA90AFD-CD2B-4A30-84C5-D9F755620603}.Debug|x64.Build.0 = Debug|x64
		{CEA90AFD-CD2B-4A30-84C5-D9F755620603}.Debug|x86.ActiveCfg = Debug|Win32
		{CEA90AFD-CD2B-4A30-84C5-D9F755620603}.Debug|x86.Build.0 = Debug|Win32
		{CEA90AFD-CD2B-4A30-84C5-D9F755620603}.Release|x64.ActiveCfg = Release|x64
		{CEA90AFD-CD2B-4A30-84C5-D9F755620603}.Release|x64.Build.0 = Release|x64
		{CEA90AFD-CD2B-4A30-84C5-D9F755620603}.Release|x86.ActiveCfg = Release|Win32
		{CEA90AFD-CD2B-4A30-84C5-D9F755620603}.Release|x86.Build.0 = Release|Win32
		{EE79ECAF-84D4-4BE6-B723-522C030A3BE5}.Debug|x64.ActiveCfg = Debug|x64
		{EE79ECAF-84D4-4BE6-B723-522C030A3BE5}.Debug|x64.Build.0 = Debug|x64
		{EE79ECAF-84D4-4BE6-B723-522C030A3BE5}.Debug|x86.ActiveCfg = Debug|Win32
		{EE79ECAF-84D4-4BE6-B723-522C030A3BE5}.Debug|x86.Build.0 = Debug|Win32
		{EE79ECAF-84D4-4BE6-B723-522C030A3BE5}.Release|x64.ActiveCfg = Release|x64
		{EE79ECAF-84D4-4BE6-B723-522C030A3BE5}.Release|x64.Build.0 = Release|x64
		{EE79ECAF-84D4-4BE6-B723-522C030A3BE5}.Release|x86.ActiveCfg = Release|Win32
		{EE79ECAF-84D4-4BE6-B723-522C030A3BE5}.Release|x86.Build.0 = Release|Win32
		{A0FD09B9-D90D-42FD-9797-4D1C8FEE9A6C}.Debug|x64.ActiveCfg = Debug|x64
		{A0FD09B9-D90D-42FD-9797-4D1C8FEE9A6C}.Debug|x64.Build.0 = Debug|x64
		{A0FD09B9-D90D-42FD-9797-4D1C8FEE9A6C}.Debug|x86.ActiveCfg = Debug|Win32
		{A0FD09B9-D90D-42FD-9797-4D1C8FEE9A6C}.Debug|x86.Build.0 = Debug|Win32
		{A0FD09B9-D90D-42FD-9797-4D1C8FEE9A6C}.Release|x64.ActiveCfg = Release|x64
		{A0FD09B9-D90D-42FD-9797-4D1C8FEE9A6C}.Release|x64.Build.0 = Release|x64
		{A0FD09B9-D90D-42FD-9797-4D1C8FEE9A6C}.Release|x86.ActiveCfg = Release|Win32
		{A0FD09B9-D90D-42FD-9797-4D1C8FEE9A6C}.Release|x86.Build.0 = Release|Win32
	EndGlobalSection
	GlobalSection(SolutionProperties) = preSolution
		HideSolutionNode = FALSE
	EndGlobalSection
	GlobalSection(ExtensibilityGlobals) = postSolution
		SolutionGuid = {D800BDAB-7EDE-469B-BE5F-0CDBD1B4222C}
	EndGlobalSection
EndGlobal
